
Microsoft Visual Studio Solution File, Format Version 12.00
# Visual Studio Version 17
VisualStudioVersion = 17.11.35327.3
MinimumVisualStudioVersion = 10.0.40219.1
Project("{FAE04EC0-301F-11D3-BF4B-00C04F79EFBC}") = "Socom2StreamData", "Socom2StreamData\Socom2StreamData.csproj", "{E6D2D262-968F-4A07-9FE9-D69E7098FD53}"
EndProject
Global
	GlobalSection(SolutionConfigurationPlatforms) = preSolution
		Debug|Any CPU = Debug|Any CPU
		Release|Any CPU = Release|Any CPU
	EndGlobalSection
	GlobalSection(ProjectConfigurationPlatforms) = postSolution
		{E6D2D262-968F-4A07-9FE9-D69E7098FD53}.Debug|Any CPU.ActiveCfg = Debug|Any CPU
		{E6D2D262-968F-4A07-9FE9-D69E7098FD53}.Debug|Any CPU.Build.0 = Debug|Any CPU
		{E6D2D262-968F-4A07-9FE9-D69E7098FD53}.Release|Any CPU.ActiveCfg = Release|Any CPU
		{E6D2D262-968F-4A07-9FE9-D69E7098FD53}.Release|Any CPU.Build.0 = Release|Any CPU
	EndGlobalSection
	GlobalSection(SolutionProperties) = preSolution
		HideSolutionNode = FALSE
	EndGlobalSection
	GlobalSection(ExtensibilityGlobals) = postSolution
		SolutionGuid = {E1DA4F9C-5642-46BA-8126-989C71A8A9DE}
	EndGlobalSection
EndGlobal
