
Microsoft Visual Studio Solution File, Format Version 12.00
# Visual Studio Version 16
VisualStudioVersion = 16.0.29613.14
MinimumVisualStudioVersion = 10.0.40219.1
Project("{FAE04EC0-301F-11D3-BF4B-00C04F79EFBC}") = "Socom2StreamData", "Socom2StreamData\Socom2StreamData.csproj", "{D8E7D338-DCCE-4BEC-84DB-E600DF1208A9}"
EndProject
Global
	GlobalSection(SolutionConfigurationPlatforms) = preSolution
		Debug|Any CPU = Debug|Any CPU
		Debug|x86 = Debug|x86
		Release|Any CPU = Release|Any CPU
		Release|x86 = Release|x86
	EndGlobalSection
	GlobalSection(ProjectConfigurationPlatforms) = postSolution
		{D8E7D338-DCCE-4BEC-84DB-E600DF1208A9}.Debug|Any CPU.ActiveCfg = Debug|Any CPU
		{D8E7D338-DCCE-4BEC-84DB-E600DF1208A9}.Debug|Any CPU.Build.0 = Debug|Any CPU
		{D8E7D338-DCCE-4BEC-84DB-E600DF1208A9}.Debug|x86.ActiveCfg = Debug|x86
		{D8E7D338-DCCE-4BEC-84DB-E600DF1208A9}.Debug|x86.Build.0 = Debug|x86
		{D8E7D338-DCCE-4BEC-84DB-E600DF1208A9}.Release|Any CPU.ActiveCfg = Release|Any CPU
		{D8E7D338-DCCE-4BEC-84DB-E600DF1208A9}.Release|Any CPU.Build.0 = Release|Any CPU
		{D8E7D338-DCCE-4BEC-84DB-E600DF1208A9}.Release|x86.ActiveCfg = Release|x86
		{D8E7D338-DCCE-4BEC-84DB-E600DF1208A9}.Release|x86.Build.0 = Release|x86
	EndGlobalSection
	GlobalSection(SolutionProperties) = preSolution
		HideSolutionNode = FALSE
	EndGlobalSection
	GlobalSection(ExtensibilityGlobals) = postSolution
		SolutionGuid = {58D447D9-D069-4CCB-B9A0-3FF038075A55}
	EndGlobalSection
EndGlobal
